// !$*UTF8*$!
{
	archiveVersion = 1;
	classes = {
	};
	objectVersion = 56;
	objects = {

/* Begin PBXBuildFile section */
		59093A22297281B100178DC9 /* Assets.xcassets in Resources */ = {isa = PBXBuildFile; fileRef = 59093A21297281B100178DC9 /* Assets.xcassets */; };
		59093A25297281B100178DC9 /* Preview Assets.xcassets in Resources */ = {isa = PBXBuildFile; fileRef = 59093A24297281B100178DC9 /* Preview Assets.xcassets */; };
		59093A2F297281B100178DC9 /* CryptoTests.swift in Sources */ = {isa = PBXBuildFile; fileRef = 59093A2E297281B100178DC9 /* CryptoTests.swift */; };
		59093A39297281B100178DC9 /* CryptoUITests.swift in Sources */ = {isa = PBXBuildFile; fileRef = 59093A38297281B100178DC9 /* CryptoUITests.swift */; };
		59093A3B297281B100178DC9 /* CryptoUITestsLaunchTests.swift in Sources */ = {isa = PBXBuildFile; fileRef = 59093A3A297281B100178DC9 /* CryptoUITestsLaunchTests.swift */; };
		59093A562972835900178DC9 /* HomeView.swift in Sources */ = {isa = PBXBuildFile; fileRef = 59093A552972835900178DC9 /* HomeView.swift */; };
		59093A582972858E00178DC9 /* TopMoverView.swift in Sources */ = {isa = PBXBuildFile; fileRef = 59093A572972858E00178DC9 /* TopMoverView.swift */; };
		59093A5A297285A900178DC9 /* TopMoversItemView.swift in Sources */ = {isa = PBXBuildFile; fileRef = 59093A59297285A900178DC9 /* TopMoversItemView.swift */; };
		59093A5C29765E9B00178DC9 /* AllCoinsView.swift in Sources */ = {isa = PBXBuildFile; fileRef = 59093A5B29765E9B00178DC9 /* AllCoinsView.swift */; };
		59093A5E29765EAD00178DC9 /* CoinRowView.swift in Sources */ = {isa = PBXBuildFile; fileRef = 59093A5D29765EAD00178DC9 /* CoinRowView.swift */; };
		59093A60297669A600178DC9 /* HomeViewModel.swift in Sources */ = {isa = PBXBuildFile; fileRef = 59093A5F297669A600178DC9 /* HomeViewModel.swift */; };
		59093A622976701300178DC9 /* Coin.swift in Sources */ = {isa = PBXBuildFile; fileRef = 59093A612976701300178DC9 /* Coin.swift */; };
		59093A652978F70B00178DC9 /* Kingfisher in Frameworks */ = {isa = PBXBuildFile; productRef = 59093A642978F70B00178DC9 /* Kingfisher */; };
		59093A672978F7F000178DC9 /* Double.swift in Sources */ = {isa = PBXBuildFile; fileRef = 59093A662978F7F000178DC9 /* Double.swift */; };
		59093A6B2979026800178DC9 /* CryptoApp.swift in Sources */ = {isa = PBXBuildFile; fileRef = 59093A6A2979026800178DC9 /* CryptoApp.swift */; };
/* End PBXBuildFile section */

/* Begin PBXContainerItemProxy section */
		59093A2B297281B100178DC9 /* PBXContainerItemProxy */ = {
			isa = PBXContainerItemProxy;
			containerPortal = 59093A12297281AF00178DC9 /* Project object */;
			proxyType = 1;
			remoteGlobalIDString = 59093A19297281AF00178DC9;
			remoteInfo = Crypto;
		};
		59093A35297281B100178DC9 /* PBXContainerItemProxy */ = {
			isa = PBXContainerItemProxy;
			containerPortal = 59093A12297281AF00178DC9 /* Project object */;
			proxyType = 1;
			remoteGlobalIDString = 59093A19297281AF00178DC9;
			remoteInfo = Crypto;
		};
/* End PBXContainerItemProxy section */

/* Begin PBXFileReference section */
		59093A1A297281AF00178DC9 /* Crypto.app */ = {isa = PBXFileReference; explicitFileType = wrapper.application; includeInIndex = 0; path = Crypto.app; sourceTree = BUILT_PRODUCTS_DIR; };
		59093A21297281B100178DC9 /* Assets.xcassets */ = {isa = PBXFileReference; lastKnownFileType = folder.assetcatalog; path = Assets.xcassets; sourceTree = "<group>"; };
		59093A24297281B100178DC9 /* Preview Assets.xcassets */ = {isa = PBXFileReference; lastKnownFileType = folder.assetcatalog; path = "Preview Assets.xcassets"; sourceTree = "<group>"; };
		59093A2A297281B100178DC9 /* CryptoTests.xctest */ = {isa = PBXFileReference; explicitFileType = wrapper.cfbundle; includeInIndex = 0; path = CryptoTests.xctest; sourceTree = BUILT_PRODUCTS_DIR; };
		59093A2E297281B100178DC9 /* CryptoTests.swift */ = {isa = PBXFileReference; lastKnownFileType = sourcecode.swift; path = CryptoTests.swift; sourceTree = "<group>"; };
		59093A34297281B100178DC9 /* CryptoUITests.xctest */ = {isa = PBXFileReference; explicitFileType = wrapper.cfbundle; includeInIndex = 0; path = CryptoUITests.xctest; sourceTree = BUILT_PRODUCTS_DIR; };
		59093A38297281B100178DC9 /* CryptoUITests.swift */ = {isa = PBXFileReference; lastKnownFileType = sourcecode.swift; path = CryptoUITests.swift; sourceTree = "<group>"; };
		59093A3A297281B100178DC9 /* CryptoUITestsLaunchTests.swift */ = {isa = PBXFileReference; lastKnownFileType = sourcecode.swift; path = CryptoUITestsLaunchTests.swift; sourceTree = "<group>"; };
		59093A552972835900178DC9 /* HomeView.swift */ = {isa = PBXFileReference; lastKnownFileType = sourcecode.swift; path = HomeView.swift; sourceTree = "<group>"; };
		59093A572972858E00178DC9 /* TopMoverView.swift */ = {isa = PBXFileReference; lastKnownFileType = sourcecode.swift; path = TopMoverView.swift; sourceTree = "<group>"; };
		59093A59297285A900178DC9 /* TopMoversItemView.swift */ = {isa = PBXFileReference; lastKnownFileType = sourcecode.swift; path = TopMoversItemView.swift; sourceTree = "<group>"; };
		59093A5B29765E9B00178DC9 /* AllCoinsView.swift */ = {isa = PBXFileReference; lastKnownFileType = sourcecode.swift; path = AllCoinsView.swift; sourceTree = "<group>"; };
		59093A5D29765EAD00178DC9 /* CoinRowView.swift */ = {isa = PBXFileReference; lastKnownFileType = sourcecode.swift; path = CoinRowView.swift; sourceTree = "<group>"; };
		59093A5F297669A600178DC9 /* HomeViewModel.swift */ = {isa = PBXFileReference; lastKnownFileType = sourcecode.swift; path = HomeViewModel.swift; sourceTree = "<group>"; };
		59093A612976701300178DC9 /* Coin.swift */ = {isa = PBXFileReference; lastKnownFileType = sourcecode.swift; path = Coin.swift; sourceTree = "<group>"; };
		59093A662978F7F000178DC9 /* Double.swift */ = {isa = PBXFileReference; lastKnownFileType = sourcecode.swift; path = Double.swift; sourceTree = "<group>"; };
		59093A6A2979026800178DC9 /* CryptoApp.swift */ = {isa = PBXFileReference; lastKnownFileType = sourcecode.swift; path = CryptoApp.swift; sourceTree = "<group>"; };
/* End PBXFileReference section */

/* Begin PBXFrameworksBuildPhase section */
		59093A17297281AF00178DC9 /* Frameworks */ = {
			isa = PBXFrameworksBuildPhase;
			buildActionMask = 2147483647;
			files = (
				59093A652978F70B00178DC9 /* Kingfisher in Frameworks */,
			);
			runOnlyForDeploymentPostprocessing = 0;
		};
		59093A27297281B100178DC9 /* Frameworks */ = {
			isa = PBXFrameworksBuildPhase;
			buildActionMask = 2147483647;
			files = (
			);
			runOnlyForDeploymentPostprocessing = 0;
		};
		59093A31297281B100178DC9 /* Frameworks */ = {
			isa = PBXFrameworksBuildPhase;
			buildActionMask = 2147483647;
			files = (
			);
			runOnlyForDeploymentPostprocessing = 0;
		};
/* End PBXFrameworksBuildPhase section */

/* Begin PBXGroup section */
		59093A11297281AF00178DC9 = {
			isa = PBXGroup;
			children = (
				59093A1C297281AF00178DC9 /* Crypto */,
				59093A2D297281B100178DC9 /* CryptoTests */,
				59093A37297281B100178DC9 /* CryptoUITests */,
				59093A1B297281AF00178DC9 /* Products */,
			);
			sourceTree = "<group>";
		};
		59093A1B297281AF00178DC9 /* Products */ = {
			isa = PBXGroup;
			children = (
				59093A1A297281AF00178DC9 /* Crypto.app */,
				59093A2A297281B100178DC9 /* CryptoTests.xctest */,
				59093A34297281B100178DC9 /* CryptoUITests.xctest */,
			);
			name = Products;
			sourceTree = "<group>";
		};
		59093A1C297281AF00178DC9 /* Crypto */ = {
			isa = PBXGroup;
			children = (
				59093A692979022900178DC9 /* App */,
				59093A4F2972825C00178DC9 /* Utils */,
				59093A4E2972825900178DC9 /* Extensions */,
				59093A4D2972825800178DC9 /* Models */,
				59093A4C2972825700178DC9 /* Core */,
				59093A21297281B100178DC9 /* Assets.xcassets */,
				59093A23297281B100178DC9 /* Preview Content */,
			);
			path = Crypto;
			sourceTree = "<group>";
		};
		59093A23297281B100178DC9 /* Preview Content */ = {
			isa = PBXGroup;
			children = (
				59093A24297281B100178DC9 /* Preview Assets.xcassets */,
			);
			path = "Preview Content";
			sourceTree = "<group>";
		};
		59093A2D297281B100178DC9 /* CryptoTests */ = {
			isa = PBXGroup;
			children = (
				59093A2E297281B100178DC9 /* CryptoTests.swift */,
			);
			path = CryptoTests;
			sourceTree = "<group>";
		};
		59093A37297281B100178DC9 /* CryptoUITests */ = {
			isa = PBXGroup;
			children = (
				59093A38297281B100178DC9 /* CryptoUITests.swift */,
				59093A3A297281B100178DC9 /* CryptoUITestsLaunchTests.swift */,
			);
			path = CryptoUITests;
			sourceTree = "<group>";
		};
		59093A4C2972825700178DC9 /* Core */ = {
			isa = PBXGroup;
			children = (
				59093A50297282BD00178DC9 /* Home */,
			);
			path = Core;
			sourceTree = "<group>";
		};
		59093A4D2972825800178DC9 /* Models */ = {
			isa = PBXGroup;
			children = (
				59093A612976701300178DC9 /* Coin.swift */,
			);
			path = Models;
			sourceTree = "<group>";
		};
		59093A4E2972825900178DC9 /* Extensions */ = {
			isa = PBXGroup;
			children = (
				59093A662978F7F000178DC9 /* Double.swift */,
			);
			path = Extensions;
			sourceTree = "<group>";
		};
		59093A4F2972825C00178DC9 /* Utils */ = {
			isa = PBXGroup;
			children = (
			);
			path = Utils;
			sourceTree = "<group>";
		};
		59093A50297282BD00178DC9 /* Home */ = {
			isa = PBXGroup;
			children = (
				59093A52297282FC00178DC9 /* Views */,
				59093A51297282FA00178DC9 /* ViewModels */,
			);
			path = Home;
			sourceTree = "<group>";
		};
		59093A51297282FA00178DC9 /* ViewModels */ = {
			isa = PBXGroup;
			children = (
				59093A5F297669A600178DC9 /* HomeViewModel.swift */,
			);
			path = ViewModels;
			sourceTree = "<group>";
		};
		59093A52297282FC00178DC9 /* Views */ = {
			isa = PBXGroup;
			children = (
				59093A552972835900178DC9 /* HomeView.swift */,
				59093A572972858E00178DC9 /* TopMoverView.swift */,
				59093A59297285A900178DC9 /* TopMoversItemView.swift */,
				59093A5B29765E9B00178DC9 /* AllCoinsView.swift */,
				59093A5D29765EAD00178DC9 /* CoinRowView.swift */,
			);
			path = Views;
			sourceTree = "<group>";
		};
		59093A692979022900178DC9 /* App */ = {
			isa = PBXGroup;
			children = (
				59093A6A2979026800178DC9 /* CryptoApp.swift */,
			);
			path = App;
			sourceTree = "<group>";
		};
/* End PBXGroup section */

/* Begin PBXNativeTarget section */
		59093A19297281AF00178DC9 /* Crypto */ = {
			isa = PBXNativeTarget;
			buildConfigurationList = 59093A3E297281B100178DC9 /* Build configuration list for PBXNativeTarget "Crypto" */;
			buildPhases = (
				59093A16297281AF00178DC9 /* Sources */,
				59093A17297281AF00178DC9 /* Frameworks */,
				59093A18297281AF00178DC9 /* Resources */,
			);
			buildRules = (
			);
			dependencies = (
			);
			name = Crypto;
			packageProductDependencies = (
				59093A642978F70B00178DC9 /* Kingfisher */,
			);
			productName = Crypto;
			productReference = 59093A1A297281AF00178DC9 /* Crypto.app */;
			productType = "com.apple.product-type.application";
		};
		59093A29297281B100178DC9 /* CryptoTests */ = {
			isa = PBXNativeTarget;
			buildConfigurationList = 59093A41297281B100178DC9 /* Build configuration list for PBXNativeTarget "CryptoTests" */;
			buildPhases = (
				59093A26297281B100178DC9 /* Sources */,
				59093A27297281B100178DC9 /* Frameworks */,
				59093A28297281B100178DC9 /* Resources */,
			);
			buildRules = (
			);
			dependencies = (
				59093A2C297281B100178DC9 /* PBXTargetDependency */,
			);
			name = CryptoTests;
			productName = CryptoTests;
			productReference = 59093A2A297281B100178DC9 /* CryptoTests.xctest */;
			productType = "com.apple.product-type.bundle.unit-test";
		};
		59093A33297281B100178DC9 /* CryptoUITests */ = {
			isa = PBXNativeTarget;
			buildConfigurationList = 59093A44297281B100178DC9 /* Build configuration list for PBXNativeTarget "CryptoUITests" */;
			buildPhases = (
				59093A30297281B100178DC9 /* Sources */,
				59093A31297281B100178DC9 /* Frameworks */,
				59093A32297281B100178DC9 /* Resources */,
			);
			buildRules = (
			);
			dependencies = (
				59093A36297281B100178DC9 /* PBXTargetDependency */,
			);
			name = CryptoUITests;
			productName = CryptoUITests;
			productReference = 59093A34297281B100178DC9 /* CryptoUITests.xctest */;
			productType = "com.apple.product-type.bundle.ui-testing";
		};
/* End PBXNativeTarget section */

/* Begin PBXProject section */
		59093A12297281AF00178DC9 /* Project object */ = {
			isa = PBXProject;
			attributes = {
				BuildIndependentTargetsInParallel = 1;
				LastSwiftUpdateCheck = 1420;
				LastUpgradeCheck = 1420;
				TargetAttributes = {
					59093A19297281AF00178DC9 = {
						CreatedOnToolsVersion = 14.2;
					};
					59093A29297281B100178DC9 = {
						CreatedOnToolsVersion = 14.2;
						TestTargetID = 59093A19297281AF00178DC9;
					};
					59093A33297281B100178DC9 = {
						CreatedOnToolsVersion = 14.2;
						TestTargetID = 59093A19297281AF00178DC9;
					};
				};
			};
			buildConfigurationList = 59093A15297281AF00178DC9 /* Build configuration list for PBXProject "Crypto" */;
			compatibilityVersion = "Xcode 14.0";
			developmentRegion = en;
			hasScannedForEncodings = 0;
			knownRegions = (
				en,
				Base,
			);
			mainGroup = 59093A11297281AF00178DC9;
			packageReferences = (
				59093A632978F70B00178DC9 /* XCRemoteSwiftPackageReference "Kingfisher" */,
			);
			productRefGroup = 59093A1B297281AF00178DC9 /* Products */;
			projectDirPath = "";
			projectRoot = "";
			targets = (
				59093A19297281AF00178DC9 /* Crypto */,
				59093A29297281B100178DC9 /* CryptoTests */,
				59093A33297281B100178DC9 /* CryptoUITests */,
			);
		};
/* End PBXProject section */

/* Begin PBXResourcesBuildPhase section */
		59093A18297281AF00178DC9 /* Resources */ = {
			isa = PBXResourcesBuildPhase;
			buildActionMask = 2147483647;
			files = (
				59093A25297281B100178DC9 /* Preview Assets.xcassets in Resources */,
				59093A22297281B100178DC9 /* Assets.xcassets in Resources */,
			);
			runOnlyForDeploymentPostprocessing = 0;
		};
		59093A28297281B100178DC9 /* Resources */ = {
			isa = PBXResourcesBuildPhase;
			buildActionMask = 2147483647;
			files = (
			);
			runOnlyForDeploymentPostprocessing = 0;
		};
		59093A32297281B100178DC9 /* Resources */ = {
			isa = PBXResourcesBuildPhase;
			buildActionMask = 2147483647;
			files = (
			);
			runOnlyForDeploymentPostprocessing = 0;
		};
/* End PBXResourcesBuildPhase section */

/* Begin PBXSourcesBuildPhase section */
		59093A16297281AF00178DC9 /* Sources */ = {
			isa = PBXSourcesBuildPhase;
			buildActionMask = 2147483647;
			files = (
				59093A622976701300178DC9 /* Coin.swift in Sources */,
				59093A582972858E00178DC9 /* TopMoverView.swift in Sources */,
				59093A5C29765E9B00178DC9 /* AllCoinsView.swift in Sources */,
				59093A5A297285A900178DC9 /* TopMoversItemView.swift in Sources */,
				59093A60297669A600178DC9 /* HomeViewModel.swift in Sources */,
				59093A5E29765EAD00178DC9 /* CoinRowView.swift in Sources */,
				59093A672978F7F000178DC9 /* Double.swift in Sources */,
				59093A562972835900178DC9 /* HomeView.swift in Sources */,
				59093A6B2979026800178DC9 /* CryptoApp.swift in Sources */,
			);
			runOnlyForDeploymentPostprocessing = 0;
		};
		59093A26297281B100178DC9 /* Sources */ = {
			isa = PBXSourcesBuildPhase;
			buildActionMask = 2147483647;
			files = (
				59093A2F297281B100178DC9 /* CryptoTests.swift in Sources */,
			);
			runOnlyForDeploymentPostprocessing = 0;
		};
		59093A30297281B100178DC9 /* Sources */ = {
			isa = PBXSourcesBuildPhase;
			buildActionMask = 2147483647;
			files = (
				59093A39297281B100178DC9 /* CryptoUITests.swift in Sources */,
				59093A3B297281B100178DC9 /* CryptoUITestsLaunchTests.swift in Sources */,
			);
			runOnlyForDeploymentPostprocessing = 0;
		};
/* End PBXSourcesBuildPhase section */

/* Begin PBXTargetDependency section */
		59093A2C297281B100178DC9 /* PBXTargetDependency */ = {
			isa = PBXTargetDependency;
			target = 59093A19297281AF00178DC9 /* Crypto */;
			targetProxy = 59093A2B297281B100178DC9 /* PBXContainerItemProxy */;
		};
		59093A36297281B100178DC9 /* PBXTargetDependency */ = {
			isa = PBXTargetDependency;
			target = 59093A19297281AF00178DC9 /* Crypto */;
			targetProxy = 59093A35297281B100178DC9 /* PBXContainerItemProxy */;
		};
/* End PBXTargetDependency section */

/* Begin XCBuildConfiguration section */
		59093A3C297281B100178DC9 /* Debug */ = {
			isa = XCBuildConfiguration;
			buildSettings = {
				ALWAYS_SEARCH_USER_PATHS = NO;
				CLANG_ANALYZER_NONNULL = YES;
				CLANG_ANALYZER_NUMBER_OBJECT_CONVERSION = YES_AGGRESSIVE;
				CLANG_CXX_LANGUAGE_STANDARD = "gnu++20";
				CLANG_ENABLE_MODULES = YES;
				CLANG_ENABLE_OBJC_ARC = YES;
				CLANG_ENABLE_OBJC_WEAK = YES;
				CLANG_WARN_BLOCK_CAPTURE_AUTORELEASING = YES;
				CLANG_WARN_BOOL_CONVERSION = YES;
				CLANG_WARN_COMMA = YES;
				CLANG_WARN_CONSTANT_CONVERSION = YES;
				CLANG_WARN_DEPRECATED_OBJC_IMPLEMENTATIONS = YES;
				CLANG_WARN_DIRECT_OBJC_ISA_USAGE = YES_ERROR;
				CLANG_WARN_DOCUMENTATION_COMMENTS = YES;
				CLANG_WARN_EMPTY_BODY = YES;
				CLANG_WARN_ENUM_CONVERSION = YES;
				CLANG_WARN_INFINITE_RECURSION = YES;
				CLANG_WARN_INT_CONVERSION = YES;
				CLANG_WARN_NON_LITERAL_NULL_CONVERSION = YES;
				CLANG_WARN_OBJC_IMPLICIT_RETAIN_SELF = YES;
				CLANG_WARN_OBJC_LITERAL_CONVERSION = YES;
				CLANG_WARN_OBJC_ROOT_CLASS = YES_ERROR;
				CLANG_WARN_QUOTED_INCLUDE_IN_FRAMEWORK_HEADER = YES;
				CLANG_WARN_RANGE_LOOP_ANALYSIS = YES;
				CLANG_WARN_STRICT_PROTOTYPES = YES;
				CLANG_WARN_SUSPICIOUS_MOVE = YES;
				CLANG_WARN_UNGUARDED_AVAILABILITY = YES_AGGRESSIVE;
				CLANG_WARN_UNREACHABLE_CODE = YES;
				CLANG_WARN__DUPLICATE_METHOD_MATCH = YES;
				COPY_PHASE_STRIP = NO;
				DEBUG_INFORMATION_FORMAT = dwarf;
				ENABLE_STRICT_OBJC_MSGSEND = YES;
				ENABLE_TESTABILITY = YES;
				GCC_C_LANGUAGE_STANDARD = gnu11;
				GCC_DYNAMIC_NO_PIC = NO;
				GCC_NO_COMMON_BLOCKS = YES;
				GCC_OPTIMIZATION_LEVEL = 0;
				GCC_PREPROCESSOR_DEFINITIONS = (
					"DEBUG=1",
					"$(inherited)",
				);
				GCC_WARN_64_TO_32_BIT_CONVERSION = YES;
				GCC_WARN_ABOUT_RETURN_TYPE = YES_ERROR;
				GCC_WARN_UNDECLARED_SELECTOR = YES;
				GCC_WARN_UNINITIALIZED_AUTOS = YES_AGGRESSIVE;
				GCC_WARN_UNUSED_FUNCTION = YES;
				GCC_WARN_UNUSED_VARIABLE = YES;
				IPHONEOS_DEPLOYMENT_TARGET = 16.2;
				MTL_ENABLE_DEBUG_INFO = INCLUDE_SOURCE;
				MTL_FAST_MATH = YES;
				ONLY_ACTIVE_ARCH = YES;
				SDKROOT = iphoneos;
				SWIFT_ACTIVE_COMPILATION_CONDITIONS = DEBUG;
				SWIFT_OPTIMIZATION_LEVEL = "-Onone";
			};
			name = Debug;
		};
		59093A3D297281B100178DC9 /* Release */ = {
			isa = XCBuildConfiguration;
			buildSettings = {
				ALWAYS_SEARCH_USER_PATHS = NO;
				CLANG_ANALYZER_NONNULL = YES;
				CLANG_ANALYZER_NUMBER_OBJECT_CONVERSION = YES_AGGRESSIVE;
				CLANG_CXX_LANGUAGE_STANDARD = "gnu++20";
				CLANG_ENABLE_MODULES = YES;
				CLANG_ENABLE_OBJC_ARC = YES;
				CLANG_ENABLE_OBJC_WEAK = YES;
				CLANG_WARN_BLOCK_CAPTURE_AUTORELEASING = YES;
				CLANG_WARN_BOOL_CONVERSION = YES;
				CLANG_WARN_COMMA = YES;
				CLANG_WARN_CONSTANT_CONVERSION = YES;
				CLANG_WARN_DEPRECATED_OBJC_IMPLEMENTATIONS = YES;
				CLANG_WARN_DIRECT_OBJC_ISA_USAGE = YES_ERROR;
				CLANG_WARN_DOCUMENTATION_COMMENTS = YES;
				CLANG_WARN_EMPTY_BODY = YES;
				CLANG_WARN_ENUM_CONVERSION = YES;
				CLANG_WARN_INFINITE_RECURSION = YES;
				CLANG_WARN_INT_CONVERSION = YES;
				CLANG_WARN_NON_LITERAL_NULL_CONVERSION = YES;
				CLANG_WARN_OBJC_IMPLICIT_RETAIN_SELF = YES;
				CLANG_WARN_OBJC_LITERAL_CONVERSION = YES;
				CLANG_WARN_OBJC_ROOT_CLASS = YES_ERROR;
				CLANG_WARN_QUOTED_INCLUDE_IN_FRAMEWORK_HEADER = YES;
				CLANG_WARN_RANGE_LOOP_ANALYSIS = YES;
				CLANG_WARN_STRICT_PROTOTYPES = YES;
				CLANG_WARN_SUSPICIOUS_MOVE = YES;
				CLANG_WARN_UNGUARDED_AVAILABILITY = YES_AGGRESSIVE;
				CLANG_WARN_UNREACHABLE_CODE = YES;
				CLANG_WARN__DUPLICATE_METHOD_MATCH = YES;
				COPY_PHASE_STRIP = NO;
				DEBUG_INFORMATION_FORMAT = "dwarf-with-dsym";
				ENABLE_NS_ASSERTIONS = NO;
				ENABLE_STRICT_OBJC_MSGSEND = YES;
				GCC_C_LANGUAGE_STANDARD = gnu11;
				GCC_NO_COMMON_BLOCKS = YES;
				GCC_WARN_64_TO_32_BIT_CONVERSION = YES;
				GCC_WARN_ABOUT_RETURN_TYPE = YES_ERROR;
				GCC_WARN_UNDECLARED_SELECTOR = YES;
				GCC_WARN_UNINITIALIZED_AUTOS = YES_AGGRESSIVE;
				GCC_WARN_UNUSED_FUNCTION = YES;
				GCC_WARN_UNUSED_VARIABLE = YES;
				IPHONEOS_DEPLOYMENT_TARGET = 16.2;
				MTL_ENABLE_DEBUG_INFO = NO;
				MTL_FAST_MATH = YES;
				SDKROOT = iphoneos;
				SWIFT_COMPILATION_MODE = wholemodule;
				SWIFT_OPTIMIZATION_LEVEL = "-O";
				VALIDATE_PRODUCT = YES;
			};
			name = Release;
		};
		59093A3F297281B100178DC9 /* Debug */ = {
			isa = XCBuildConfiguration;
			buildSettings = {
				ASSETCATALOG_COMPILER_APPICON_NAME = AppIcon;
				ASSETCATALOG_COMPILER_GLOBAL_ACCENT_COLOR_NAME = AccentColor;
				CODE_SIGN_STYLE = Automatic;
				CURRENT_PROJECT_VERSION = 1;
				DEVELOPMENT_ASSET_PATHS = "\"Crypto/Preview Content\"";
				ENABLE_PREVIEWS = YES;
				GENERATE_INFOPLIST_FILE = YES;
				INFOPLIST_KEY_UIApplicationSceneManifest_Generation = YES;
				INFOPLIST_KEY_UIApplicationSupportsIndirectInputEvents = YES;
				INFOPLIST_KEY_UILaunchScreen_Generation = YES;
				INFOPLIST_KEY_UISupportedInterfaceOrientations_iPad = "UIInterfaceOrientationPortrait UIInterfaceOrientationPortraitUpsideDown UIInterfaceOrientationLandscapeLeft UIInterfaceOrientationLandscapeRight";
				INFOPLIST_KEY_UISupportedInterfaceOrientations_iPhone = "UIInterfaceOrientationPortrait UIInterfaceOrientationLandscapeLeft UIInterfaceOrientationLandscapeRight";
				LD_RUNPATH_SEARCH_PATHS = (
					"$(inherited)",
					"@executable_path/Frameworks",
				);
				MARKETING_VERSION = 1.0;
				PRODUCT_BUNDLE_IDENTIFIER = juan.Crypto;
				PRODUCT_NAME = "$(TARGET_NAME)";
				SWIFT_EMIT_LOC_STRINGS = YES;
				SWIFT_VERSION = 5.0;
				TARGETED_DEVICE_FAMILY = "1,2";
			};
			name = Debug;
		};
		59093A40297281B100178DC9 /* Release */ = {
			isa = XCBuildConfiguration;
			buildSettings = {
				ASSETCATALOG_COMPILER_APPICON_NAME = AppIcon;
				ASSETCATALOG_COMPILER_GLOBAL_ACCENT_COLOR_NAME = AccentColor;
				CODE_SIGN_STYLE = Automatic;
				CURRENT_PROJECT_VERSION = 1;
				DEVELOPMENT_ASSET_PATHS = "\"Crypto/Preview Content\"";
				ENABLE_PREVIEWS = YES;
				GENERATE_INFOPLIST_FILE = YES;
				INFOPLIST_KEY_UIApplicationSceneManifest_Generation = YES;
				INFOPLIST_KEY_UIApplicationSupportsIndirectInputEvents = YES;
				INFOPLIST_KEY_UILaunchScreen_Generation = YES;
				INFOPLIST_KEY_UISupportedInterfaceOrientations_iPad = "UIInterfaceOrientationPortrait UIInterfaceOrientationPortraitUpsideDown UIInterfaceOrientationLandscapeLeft UIInterfaceOrientationLandscapeRight";
				INFOPLIST_KEY_UISupportedInterfaceOrientations_iPhone = "UIInterfaceOrientationPortrait UIInterfaceOrientationLandscapeLeft UIInterfaceOrientationLandscapeRight";
				LD_RUNPATH_SEARCH_PATHS = (
					"$(inherited)",
					"@executable_path/Frameworks",
				);
				MARKETING_VERSION = 1.0;
				PRODUCT_BUNDLE_IDENTIFIER = juan.Crypto;
				PRODUCT_NAME = "$(TARGET_NAME)";
				SWIFT_EMIT_LOC_STRINGS = YES;
				SWIFT_VERSION = 5.0;
				TARGETED_DEVICE_FAMILY = "1,2";
			};
			name = Release;
		};
		59093A42297281B100178DC9 /* Debug */ = {
			isa = XCBuildConfiguration;
			buildSettings = {
				ALWAYS_EMBED_SWIFT_STANDARD_LIBRARIES = YES;
				BUNDLE_LOADER = "$(TEST_HOST)";
				CODE_SIGN_STYLE = Automatic;
				CURRENT_PROJECT_VERSION = 1;
				GENERATE_INFOPLIST_FILE = YES;
				IPHONEOS_DEPLOYMENT_TARGET = 16.2;
				MARKETING_VERSION = 1.0;
				PRODUCT_BUNDLE_IDENTIFIER = juan.CryptoTests;
				PRODUCT_NAME = "$(TARGET_NAME)";
				SWIFT_EMIT_LOC_STRINGS = NO;
				SWIFT_VERSION = 5.0;
				TARGETED_DEVICE_FAMILY = "1,2";
				TEST_HOST = "$(BUILT_PRODUCTS_DIR)/Crypto.app/$(BUNDLE_EXECUTABLE_FOLDER_PATH)/Crypto";
			};
			name = Debug;
		};
		59093A43297281B100178DC9 /* Release */ = {
			isa = XCBuildConfiguration;
			buildSettings = {
				ALWAYS_EMBED_SWIFT_STANDARD_LIBRARIES = YES;
				BUNDLE_LOADER = "$(TEST_HOST)";
				CODE_SIGN_STYLE = Automatic;
				CURRENT_PROJECT_VERSION = 1;
				GENERATE_INFOPLIST_FILE = YES;
				IPHONEOS_DEPLOYMENT_TARGET = 16.2;
				MARKETING_VERSION = 1.0;
				PRODUCT_BUNDLE_IDENTIFIER = juan.CryptoTests;
				PRODUCT_NAME = "$(TARGET_NAME)";
				SWIFT_EMIT_LOC_STRINGS = NO;
				SWIFT_VERSION = 5.0;
				TARGETED_DEVICE_FAMILY = "1,2";
				TEST_HOST = "$(BUILT_PRODUCTS_DIR)/Crypto.app/$(BUNDLE_EXECUTABLE_FOLDER_PATH)/Crypto";
			};
			name = Release;
		};
		59093A45297281B100178DC9 /* Debug */ = {
			isa = XCBuildConfiguration;
			buildSettings = {
				ALWAYS_EMBED_SWIFT_STANDARD_LIBRARIES = YES;
				CODE_SIGN_STYLE = Automatic;
				CURRENT_PROJECT_VERSION = 1;
				GENERATE_INFOPLIST_FILE = YES;
				MARKETING_VERSION = 1.0;
				PRODUCT_BUNDLE_IDENTIFIER = juan.CryptoUITests;
				PRODUCT_NAME = "$(TARGET_NAME)";
				SWIFT_EMIT_LOC_STRINGS = NO;
				SWIFT_VERSION = 5.0;
				TARGETED_DEVICE_FAMILY = "1,2";
				TEST_TARGET_NAME = Crypto;
			};
			name = Debug;
		};
		59093A46297281B100178DC9 /* Release */ = {
			isa = XCBuildConfiguration;
			buildSettings = {
				ALWAYS_EMBED_SWIFT_STANDARD_LIBRARIES = YES;
				CODE_SIGN_STYLE = Automatic;
				CURRENT_PROJECT_VERSION = 1;
				GENERATE_INFOPLIST_FILE = YES;
				MARKETING_VERSION = 1.0;
				PRODUCT_BUNDLE_IDENTIFIER = juan.CryptoUITests;
				PRODUCT_NAME = "$(TARGET_NAME)";
				SWIFT_EMIT_LOC_STRINGS = NO;
				SWIFT_VERSION = 5.0;
				TARGETED_DEVICE_FAMILY = "1,2";
				TEST_TARGET_NAME = Crypto;
			};
			name = Release;
		};
/* End XCBuildConfiguration section */

/* Begin XCConfigurationList section */
		59093A15297281AF00178DC9 /* Build configuration list for PBXProject "Crypto" */ = {
			isa = XCConfigurationList;
			buildConfigurations = (
				59093A3C297281B100178DC9 /* Debug */,
				59093A3D297281B100178DC9 /* Release */,
			);
			defaultConfigurationIsVisible = 0;
			defaultConfigurationName = Release;
		};
		59093A3E297281B100178DC9 /* Build configuration list for PBXNativeTarget "Crypto" */ = {
			isa = XCConfigurationList;
			buildConfigurations = (
				59093A3F297281B100178DC9 /* Debug */,
				59093A40297281B100178DC9 /* Release */,
			);
			defaultConfigurationIsVisible = 0;
			defaultConfigurationName = Release;
		};
		59093A41297281B100178DC9 /* Build configuration list for PBXNativeTarget "CryptoTests" */ = {
			isa = XCConfigurationList;
			buildConfigurations = (
				59093A42297281B100178DC9 /* Debug */,
				59093A43297281B100178DC9 /* Release */,
			);
			defaultConfigurationIsVisible = 0;
			defaultConfigurationName = Release;
		};
		59093A44297281B100178DC9 /* Build configuration list for PBXNativeTarget "CryptoUITests" */ = {
			isa = XCConfigurationList;
			buildConfigurations = (
				59093A45297281B100178DC9 /* Debug */,
				59093A46297281B100178DC9 /* Release */,
			);
			defaultConfigurationIsVisible = 0;
			defaultConfigurationName = Release;
		};
/* End XCConfigurationList section */

/* Begin XCRemoteSwiftPackageReference section */
		59093A632978F70B00178DC9 /* XCRemoteSwiftPackageReference "Kingfisher" */ = {
			isa = XCRemoteSwiftPackageReference;
			repositoryURL = "https://github.com/onevcat/Kingfisher.git";
			requirement = {
				kind = upToNextMajorVersion;
				minimumVersion = 7.0.0;
			};
		};
/* End XCRemoteSwiftPackageReference section */

/* Begin XCSwiftPackageProductDependency section */
		59093A642978F70B00178DC9 /* Kingfisher */ = {
			isa = XCSwiftPackageProductDependency;
			package = 59093A632978F70B00178DC9 /* XCRemoteSwiftPackageReference "Kingfisher" */;
			productName = Kingfisher;
		};
/* End XCSwiftPackageProductDependency section */
	};
	rootObject = 59093A12297281AF00178DC9 /* Project object */;
}
